// !$*UTF8*$!
{
	archiveVersion = 1;
	classes = {
	};
	objectVersion = 56;
	objects = {

/* Begin PBXBuildFile section */
		1A766A9B2AB980EB006C57AE /* AppDelegate.swift in Sources */ = {isa = PBXBuildFile; fileRef = 1A766A9A2AB980EB006C57AE /* AppDelegate.swift */; };
		1A766A9D2AB980EB006C57AE /* SceneDelegate.swift in Sources */ = {isa = PBXBuildFile; fileRef = 1A766A9C2AB980EB006C57AE /* SceneDelegate.swift */; };
		1A766A9F2AB980EB006C57AE /* ViewController.swift in Sources */ = {isa = PBXBuildFile; fileRef = 1A766A9E2AB980EB006C57AE /* ViewController.swift */; };
		1A766AA22AB980EB006C57AE /* Main.storyboard in Resources */ = {isa = PBXBuildFile; fileRef = 1A766AA02AB980EB006C57AE /* Main.storyboard */; };
		1A766AA42AB980EC006C57AE /* Assets.xcassets in Resources */ = {isa = PBXBuildFile; fileRef = 1A766AA32AB980EC006C57AE /* Assets.xcassets */; };
		1A766AA72AB980EC006C57AE /* LaunchScreen.storyboard in Resources */ = {isa = PBXBuildFile; fileRef = 1A766AA52AB980EC006C57AE /* LaunchScreen.storyboard */; };
		1A766AB22AB980EC006C57AE /* Speech_to_Text___IOSTests.swift in Sources */ = {isa = PBXBuildFile; fileRef = 1A766AB12AB980EC006C57AE /* Speech_to_Text___IOSTests.swift */; };
		1A766ABC2AB980EC006C57AE /* Speech_to_Text___IOSUITests.swift in Sources */ = {isa = PBXBuildFile; fileRef = 1A766ABB2AB980EC006C57AE /* Speech_to_Text___IOSUITests.swift */; };
		1A766ABE2AB980EC006C57AE /* Speech_to_Text___IOSUITestsLaunchTests.swift in Sources */ = {isa = PBXBuildFile; fileRef = 1A766ABD2AB980EC006C57AE /* Speech_to_Text___IOSUITestsLaunchTests.swift */; };
/* End PBXBuildFile section */

/* Begin PBXContainerItemProxy section */
		1A766AAE2AB980EC006C57AE /* PBXContainerItemProxy */ = {
			isa = PBXContainerItemProxy;
			containerPortal = 1A766A8F2AB980EB006C57AE /* Project object */;
			proxyType = 1;
			remoteGlobalIDString = 1A766A962AB980EB006C57AE;
			remoteInfo = "Speech to Text - IOS";
		};
		1A766AB82AB980EC006C57AE /* PBXContainerItemProxy */ = {
			isa = PBXContainerItemProxy;
			containerPortal = 1A766A8F2AB980EB006C57AE /* Project object */;
			proxyType = 1;
			remoteGlobalIDString = 1A766A962AB980EB006C57AE;
			remoteInfo = "Speech to Text - IOS";
		};
/* End PBXContainerItemProxy section */

/* Begin PBXFileReference section */
		1A766A972AB980EB006C57AE /* Speech to Text - IOS.app */ = {isa = PBXFileReference; explicitFileType = wrapper.application; includeInIndex = 0; path = "Speech to Text - IOS.app"; sourceTree = BUILT_PRODUCTS_DIR; };
		1A766A9A2AB980EB006C57AE /* AppDelegate.swift */ = {isa = PBXFileReference; lastKnownFileType = sourcecode.swift; path = AppDelegate.swift; sourceTree = "<group>"; };
		1A766A9C2AB980EB006C57AE /* SceneDelegate.swift */ = {isa = PBXFileReference; lastKnownFileType = sourcecode.swift; path = SceneDelegate.swift; sourceTree = "<group>"; };
		1A766A9E2AB980EB006C57AE /* ViewController.swift */ = {isa = PBXFileReference; lastKnownFileType = sourcecode.swift; path = ViewController.swift; sourceTree = "<group>"; };
		1A766AA12AB980EB006C57AE /* Base */ = {isa = PBXFileReference; lastKnownFileType = file.storyboard; name = Base; path = Base.lproj/Main.storyboard; sourceTree = "<group>"; };
		1A766AA32AB980EC006C57AE /* Assets.xcassets */ = {isa = PBXFileReference; lastKnownFileType = folder.assetcatalog; path = Assets.xcassets; sourceTree = "<group>"; };
		1A766AA62AB980EC006C57AE /* Base */ = {isa = PBXFileReference; lastKnownFileType = file.storyboard; name = Base; path = Base.lproj/LaunchScreen.storyboard; sourceTree = "<group>"; };
		1A766AA82AB980EC006C57AE /* Info.plist */ = {isa = PBXFileReference; lastKnownFileType = text.plist.xml; path = Info.plist; sourceTree = "<group>"; };
		1A766AAD2AB980EC006C57AE /* Speech to Text - IOSTests.xctest */ = {isa = PBXFileReference; explicitFileType = wrapper.cfbundle; includeInIndex = 0; path = "Speech to Text - IOSTests.xctest"; sourceTree = BUILT_PRODUCTS_DIR; };
		1A766AB12AB980EC006C57AE /* Speech_to_Text___IOSTests.swift */ = {isa = PBXFileReference; lastKnownFileType = sourcecode.swift; path = "Speech_to_Text___IOSTests.swift"; sourceTree = "<group>"; };
		1A766AB72AB980EC006C57AE /* Speech to Text - IOSUITests.xctest */ = {isa = PBXFileReference; explicitFileType = wrapper.cfbundle; includeInIndex = 0; path = "Speech to Text - IOSUITests.xctest"; sourceTree = BUILT_PRODUCTS_DIR; };
		1A766ABB2AB980EC006C57AE /* Speech_to_Text___IOSUITests.swift */ = {isa = PBXFileReference; lastKnownFileType = sourcecode.swift; path = "Speech_to_Text___IOSUITests.swift"; sourceTree = "<group>"; };
		1A766ABD2AB980EC006C57AE /* Speech_to_Text___IOSUITestsLaunchTests.swift */ = {isa = PBXFileReference; lastKnownFileType = sourcecode.swift; path = "Speech_to_Text___IOSUITestsLaunchTests.swift"; sourceTree = "<group>"; };
/* End PBXFileReference section */

/* Begin PBXFrameworksBuildPhase section */
		1A766A942AB980EB006C57AE /* Frameworks */ = {
			isa = PBXFrameworksBuildPhase;
			buildActionMask = 2147483647;
			files = (
			);
			runOnlyForDeploymentPostprocessing = 0;
		};
		1A766AAA2AB980EC006C57AE /* Frameworks */ = {
			isa = PBXFrameworksBuildPhase;
			buildActionMask = 2147483647;
			files = (
			);
			runOnlyForDeploymentPostprocessing = 0;
		};
		1A766AB42AB980EC006C57AE /* Frameworks */ = {
			isa = PBXFrameworksBuildPhase;
			buildActionMask = 2147483647;
			files = (
			);
			runOnlyForDeploymentPostprocessing = 0;
		};
/* End PBXFrameworksBuildPhase section */

/* Begin PBXGroup section */
		1A766A8E2AB980EB006C57AE = {
			isa = PBXGroup;
			children = (
				1A766A992AB980EB006C57AE /* Speech to Text - IOS */,
				1A766AB02AB980EC006C57AE /* Speech to Text - IOSTests */,
				1A766ABA2AB980EC006C57AE /* Speech to Text - IOSUITests */,
				1A766A982AB980EB006C57AE /* Products */,
			);
			sourceTree = "<group>";
		};
		1A766A982AB980EB006C57AE /* Products */ = {
			isa = PBXGroup;
			children = (
				1A766A972AB980EB006C57AE /* Speech to Text - IOS.app */,
				1A766AAD2AB980EC006C57AE /* Speech to Text - IOSTests.xctest */,
				1A766AB72AB980EC006C57AE /* Speech to Text - IOSUITests.xctest */,
			);
			name = Products;
			sourceTree = "<group>";
		};
		1A766A992AB980EB006C57AE /* Speech to Text - IOS */ = {
			isa = PBXGroup;
			children = (
				1A766A9A2AB980EB006C57AE /* AppDelegate.swift */,
				1A766A9C2AB980EB006C57AE /* SceneDelegate.swift */,
				1A766A9E2AB980EB006C57AE /* ViewController.swift */,
				1A766AA02AB980EB006C57AE /* Main.storyboard */,
				1A766AA32AB980EC006C57AE /* Assets.xcassets */,
				1A766AA52AB980EC006C57AE /* LaunchScreen.storyboard */,
				1A766AA82AB980EC006C57AE /* Info.plist */,
			);
			path = "Speech to Text - IOS";
			sourceTree = "<group>";
		};
		1A766AB02AB980EC006C57AE /* Speech to Text - IOSTests */ = {
			isa = PBXGroup;
			children = (
				1A766AB12AB980EC006C57AE /* Speech_to_Text___IOSTests.swift */,
			);
			path = "Speech to Text - IOSTests";
			sourceTree = "<group>";
		};
		1A766ABA2AB980EC006C57AE /* Speech to Text - IOSUITests */ = {
			isa = PBXGroup;
			children = (
				1A766ABB2AB980EC006C57AE /* Speech_to_Text___IOSUITests.swift */,
				1A766ABD2AB980EC006C57AE /* Speech_to_Text___IOSUITestsLaunchTests.swift */,
			);
			path = "Speech to Text - IOSUITests";
			sourceTree = "<group>";
		};
/* End PBXGroup section */

/* Begin PBXNativeTarget section */
		1A766A962AB980EB006C57AE /* Speech to Text - IOS */ = {
			isa = PBXNativeTarget;
			buildConfigurationList = 1A766AC12AB980EC006C57AE /* Build configuration list for PBXNativeTarget "Speech to Text - IOS" */;
			buildPhases = (
				1A766A932AB980EB006C57AE /* Sources */,
				1A766A942AB980EB006C57AE /* Frameworks */,
				1A766A952AB980EB006C57AE /* Resources */,
			);
			buildRules = (
			);
			dependencies = (
			);
			name = "Speech to Text - IOS";
			productName = "Speech to Text - IOS";
			productReference = 1A766A972AB980EB006C57AE /* Speech to Text - IOS.app */;
			productType = "com.apple.product-type.application";
		};
		1A766AAC2AB980EC006C57AE /* Speech to Text - IOSTests */ = {
			isa = PBXNativeTarget;
			buildConfigurationList = 1A766AC42AB980EC006C57AE /* Build configuration list for PBXNativeTarget "Speech to Text - IOSTests" */;
			buildPhases = (
				1A766AA92AB980EC006C57AE /* Sources */,
				1A766AAA2AB980EC006C57AE /* Frameworks */,
				1A766AAB2AB980EC006C57AE /* Resources */,
			);
			buildRules = (
			);
			dependencies = (
				1A766AAF2AB980EC006C57AE /* PBXTargetDependency */,
			);
			name = "Speech to Text - IOSTests";
			productName = "Speech to Text - IOSTests";
			productReference = 1A766AAD2AB980EC006C57AE /* Speech to Text - IOSTests.xctest */;
			productType = "com.apple.product-type.bundle.unit-test";
		};
		1A766AB62AB980EC006C57AE /* Speech to Text - IOSUITests */ = {
			isa = PBXNativeTarget;
			buildConfigurationList = 1A766AC72AB980EC006C57AE /* Build configuration list for PBXNativeTarget "Speech to Text - IOSUITests" */;
			buildPhases = (
				1A766AB32AB980EC006C57AE /* Sources */,
				1A766AB42AB980EC006C57AE /* Frameworks */,
				1A766AB52AB980EC006C57AE /* Resources */,
			);
			buildRules = (
			);
			dependencies = (
				1A766AB92AB980EC006C57AE /* PBXTargetDependency */,
			);
			name = "Speech to Text - IOSUITests";
			productName = "Speech to Text - IOSUITests";
			productReference = 1A766AB72AB980EC006C57AE /* Speech to Text - IOSUITests.xctest */;
			productType = "com.apple.product-type.bundle.ui-testing";
		};
/* End PBXNativeTarget section */

/* Begin PBXProject section */
		1A766A8F2AB980EB006C57AE /* Project object */ = {
			isa = PBXProject;
			attributes = {
				BuildIndependentTargetsInParallel = 1;
				LastSwiftUpdateCheck = 1430;
				LastUpgradeCheck = 1430;
				TargetAttributes = {
					1A766A962AB980EB006C57AE = {
						CreatedOnToolsVersion = 14.3.1;
					};
					1A766AAC2AB980EC006C57AE = {
						CreatedOnToolsVersion = 14.3.1;
						TestTargetID = 1A766A962AB980EB006C57AE;
					};
					1A766AB62AB980EC006C57AE = {
						CreatedOnToolsVersion = 14.3.1;
						TestTargetID = 1A766A962AB980EB006C57AE;
					};
				};
			};
			buildConfigurationList = 1A766A922AB980EB006C57AE /* Build configuration list for PBXProject "Speech to Text - IOS" */;
			compatibilityVersion = "Xcode 14.0";
			developmentRegion = en;
			hasScannedForEncodings = 0;
			knownRegions = (
				en,
				Base,
			);
			mainGroup = 1A766A8E2AB980EB006C57AE;
			productRefGroup = 1A766A982AB980EB006C57AE /* Products */;
			projectDirPath = "";
			projectRoot = "";
			targets = (
				1A766A962AB980EB006C57AE /* Speech to Text - IOS */,
				1A766AAC2AB980EC006C57AE /* Speech to Text - IOSTests */,
				1A766AB62AB980EC006C57AE /* Speech to Text - IOSUITests */,
			);
		};
/* End PBXProject section */

/* Begin PBXResourcesBuildPhase section */
		1A766A952AB980EB006C57AE /* Resources */ = {
			isa = PBXResourcesBuildPhase;
			buildActionMask = 2147483647;
			files = (
				1A766AA72AB980EC006C57AE /* LaunchScreen.storyboard in Resources */,
				1A766AA42AB980EC006C57AE /* Assets.xcassets in Resources */,
				1A766AA22AB980EB006C57AE /* Main.storyboard in Resources */,
			);
			runOnlyForDeploymentPostprocessing = 0;
		};
		1A766AAB2AB980EC006C57AE /* Resources */ = {
			isa = PBXResourcesBuildPhase;
			buildActionMask = 2147483647;
			files = (
			);
			runOnlyForDeploymentPostprocessing = 0;
		};
		1A766AB52AB980EC006C57AE /* Resources */ = {
			isa = PBXResourcesBuildPhase;
			buildActionMask = 2147483647;
			files = (
			);
			runOnlyForDeploymentPostprocessing = 0;
		};
/* End PBXResourcesBuildPhase section */

/* Begin PBXSourcesBuildPhase section */
		1A766A932AB980EB006C57AE /* Sources */ = {
			isa = PBXSourcesBuildPhase;
			buildActionMask = 2147483647;
			files = (
				1A766A9F2AB980EB006C57AE /* ViewController.swift in Sources */,
				1A766A9B2AB980EB006C57AE /* AppDelegate.swift in Sources */,
				1A766A9D2AB980EB006C57AE /* SceneDelegate.swift in Sources */,
			);
			runOnlyForDeploymentPostprocessing = 0;
		};
		1A766AA92AB980EC006C57AE /* Sources */ = {
			isa = PBXSourcesBuildPhase;
			buildActionMask = 2147483647;
			files = (
				1A766AB22AB980EC006C57AE /* Speech_to_Text___IOSTests.swift in Sources */,
			);
			runOnlyForDeploymentPostprocessing = 0;
		};
		1A766AB32AB980EC006C57AE /* Sources */ = {
			isa = PBXSourcesBuildPhase;
			buildActionMask = 2147483647;
			files = (
				1A766ABE2AB980EC006C57AE /* Speech_to_Text___IOSUITestsLaunchTests.swift in Sources */,
				1A766ABC2AB980EC006C57AE /* Speech_to_Text___IOSUITests.swift in Sources */,
			);
			runOnlyForDeploymentPostprocessing = 0;
		};
/* End PBXSourcesBuildPhase section */

/* Begin PBXTargetDependency section */
		1A766AAF2AB980EC006C57AE /* PBXTargetDependency */ = {
			isa = PBXTargetDependency;
			target = 1A766A962AB980EB006C57AE /* Speech to Text - IOS */;
			targetProxy = 1A766AAE2AB980EC006C57AE /* PBXContainerItemProxy */;
		};
		1A766AB92AB980EC006C57AE /* PBXTargetDependency */ = {
			isa = PBXTargetDependency;
			target = 1A766A962AB980EB006C57AE /* Speech to Text - IOS */;
			targetProxy = 1A766AB82AB980EC006C57AE /* PBXContainerItemProxy */;
		};
/* End PBXTargetDependency section */

/* Begin PBXVariantGroup section */
		1A766AA02AB980EB006C57AE /* Main.storyboard */ = {
			isa = PBXVariantGroup;
			children = (
				1A766AA12AB980EB006C57AE /* Base */,
			);
			name = Main.storyboard;
			sourceTree = "<group>";
		};
		1A766AA52AB980EC006C57AE /* LaunchScreen.storyboard */ = {
			isa = PBXVariantGroup;
			children = (
				1A766AA62AB980EC006C57AE /* Base */,
			);
			name = LaunchScreen.storyboard;
			sourceTree = "<group>";
		};
/* End PBXVariantGroup section */

/* Begin XCBuildConfiguration section */
		1A766ABF2AB980EC006C57AE /* Debug */ = {
			isa = XCBuildConfiguration;
			buildSettings = {
				ALWAYS_SEARCH_USER_PATHS = NO;
				CLANG_ANALYZER_NONNULL = YES;
				CLANG_ANALYZER_NUMBER_OBJECT_CONVERSION = YES_AGGRESSIVE;
				CLANG_CXX_LANGUAGE_STANDARD = "gnu++20";
				CLANG_ENABLE_MODULES = YES;
				CLANG_ENABLE_OBJC_ARC = YES;
				CLANG_ENABLE_OBJC_WEAK = YES;
				CLANG_WARN_BLOCK_CAPTURE_AUTORELEASING = YES;
				CLANG_WARN_BOOL_CONVERSION = YES;
				CLANG_WARN_COMMA = YES;
				CLANG_WARN_CONSTANT_CONVERSION = YES;
				CLANG_WARN_DEPRECATED_OBJC_IMPLEMENTATIONS = YES;
				CLANG_WARN_DIRECT_OBJC_ISA_USAGE = YES_ERROR;
				CLANG_WARN_DOCUMENTATION_COMMENTS = YES;
				CLANG_WARN_EMPTY_BODY = YES;
				CLANG_WARN_ENUM_CONVERSION = YES;
				CLANG_WARN_INFINITE_RECURSION = YES;
				CLANG_WARN_INT_CONVERSION = YES;
				CLANG_WARN_NON_LITERAL_NULL_CONVERSION = YES;
				CLANG_WARN_OBJC_IMPLICIT_RETAIN_SELF = YES;
				CLANG_WARN_OBJC_LITERAL_CONVERSION = YES;
				CLANG_WARN_OBJC_ROOT_CLASS = YES_ERROR;
				CLANG_WARN_QUOTED_INCLUDE_IN_FRAMEWORK_HEADER = YES;
				CLANG_WARN_RANGE_LOOP_ANALYSIS = YES;
				CLANG_WARN_STRICT_PROTOTYPES = YES;
				CLANG_WARN_SUSPICIOUS_MOVE = YES;
				CLANG_WARN_UNGUARDED_AVAILABILITY = YES_AGGRESSIVE;
				CLANG_WARN_UNREACHABLE_CODE = YES;
				CLANG_WARN__DUPLICATE_METHOD_MATCH = YES;
				COPY_PHASE_STRIP = NO;
				DEBUG_INFORMATION_FORMAT = dwarf;
				ENABLE_STRICT_OBJC_MSGSEND = YES;
				ENABLE_TESTABILITY = YES;
				GCC_C_LANGUAGE_STANDARD = gnu11;
				GCC_DYNAMIC_NO_PIC = NO;
				GCC_NO_COMMON_BLOCKS = YES;
				GCC_OPTIMIZATION_LEVEL = 0;
				GCC_PREPROCESSOR_DEFINITIONS = (
					"DEBUG=1",
					"$(inherited)",
				);
				GCC_WARN_64_TO_32_BIT_CONVERSION = YES;
				GCC_WARN_ABOUT_RETURN_TYPE = YES_ERROR;
				GCC_WARN_UNDECLARED_SELECTOR = YES;
				GCC_WARN_UNINITIALIZED_AUTOS = YES_AGGRESSIVE;
				GCC_WARN_UNUSED_FUNCTION = YES;
				GCC_WARN_UNUSED_VARIABLE = YES;
				IPHONEOS_DEPLOYMENT_TARGET = 16.4;
				MTL_ENABLE_DEBUG_INFO = INCLUDE_SOURCE;
				MTL_FAST_MATH = YES;
				ONLY_ACTIVE_ARCH = YES;
				SDKROOT = iphoneos;
				SWIFT_ACTIVE_COMPILATION_CONDITIONS = DEBUG;
				SWIFT_OPTIMIZATION_LEVEL = "-Onone";
			};
			name = Debug;
		};
		1A766AC02AB980EC006C57AE /* Release */ = {
			isa = XCBuildConfiguration;
			buildSettings = {
				ALWAYS_SEARCH_USER_PATHS = NO;
				CLANG_ANALYZER_NONNULL = YES;
				CLANG_ANALYZER_NUMBER_OBJECT_CONVERSION = YES_AGGRESSIVE;
				CLANG_CXX_LANGUAGE_STANDARD = "gnu++20";
				CLANG_ENABLE_MODULES = YES;
				CLANG_ENABLE_OBJC_ARC = YES;
				CLANG_ENABLE_OBJC_WEAK = YES;
				CLANG_WARN_BLOCK_CAPTURE_AUTORELEASING = YES;
				CLANG_WARN_BOOL_CONVERSION = YES;
				CLANG_WARN_COMMA = YES;
				CLANG_WARN_CONSTANT_CONVERSION = YES;
				CLANG_WARN_DEPRECATED_OBJC_IMPLEMENTATIONS = YES;
				CLANG_WARN_DIRECT_OBJC_ISA_USAGE = YES_ERROR;
				CLANG_WARN_DOCUMENTATION_COMMENTS = YES;
				CLANG_WARN_EMPTY_BODY = YES;
				CLANG_WARN_ENUM_CONVERSION = YES;
				CLANG_WARN_INFINITE_RECURSION = YES;
				CLANG_WARN_INT_CONVERSION = YES;
				CLANG_WARN_NON_LITERAL_NULL_CONVERSION = YES;
				CLANG_WARN_OBJC_IMPLICIT_RETAIN_SELF = YES;
				CLANG_WARN_OBJC_LITERAL_CONVERSION = YES;
				CLANG_WARN_OBJC_ROOT_CLASS = YES_ERROR;
				CLANG_WARN_QUOTED_INCLUDE_IN_FRAMEWORK_HEADER = YES;
				CLANG_WARN_RANGE_LOOP_ANALYSIS = YES;
				CLANG_WARN_STRICT_PROTOTYPES = YES;
				CLANG_WARN_SUSPICIOUS_MOVE = YES;
				CLANG_WARN_UNGUARDED_AVAILABILITY = YES_AGGRESSIVE;
				CLANG_WARN_UNREACHABLE_CODE = YES;
				CLANG_WARN__DUPLICATE_METHOD_MATCH = YES;
				COPY_PHASE_STRIP = NO;
				DEBUG_INFORMATION_FORMAT = "dwarf-with-dsym";
				ENABLE_NS_ASSERTIONS = NO;
				ENABLE_STRICT_OBJC_MSGSEND = YES;
				GCC_C_LANGUAGE_STANDARD = gnu11;
				GCC_NO_COMMON_BLOCKS = YES;
				GCC_WARN_64_TO_32_BIT_CONVERSION = YES;
				GCC_WARN_ABOUT_RETURN_TYPE = YES_ERROR;
				GCC_WARN_UNDECLARED_SELECTOR = YES;
				GCC_WARN_UNINITIALIZED_AUTOS = YES_AGGRESSIVE;
				GCC_WARN_UNUSED_FUNCTION = YES;
				GCC_WARN_UNUSED_VARIABLE = YES;
				IPHONEOS_DEPLOYMENT_TARGET = 16.4;
				MTL_ENABLE_DEBUG_INFO = NO;
				MTL_FAST_MATH = YES;
				SDKROOT = iphoneos;
				SWIFT_COMPILATION_MODE = wholemodule;
				SWIFT_OPTIMIZATION_LEVEL = "-O";
				VALIDATE_PRODUCT = YES;
			};
			name = Release;
		};
		1A766AC22AB980EC006C57AE /* Debug */ = {
			isa = XCBuildConfiguration;
			buildSettings = {
				ASSETCATALOG_COMPILER_APPICON_NAME = AppIcon;
				ASSETCATALOG_COMPILER_GLOBAL_ACCENT_COLOR_NAME = AccentColor;
				CODE_SIGN_STYLE = Automatic;
				CURRENT_PROJECT_VERSION = 1;
				DEVELOPMENT_TEAM = FZ6QC7T222;
				GENERATE_INFOPLIST_FILE = YES;
				INFOPLIST_FILE = "Speech to Text - IOS/Info.plist";
				INFOPLIST_KEY_UIApplicationSupportsIndirectInputEvents = YES;
				INFOPLIST_KEY_UILaunchStoryboardName = LaunchScreen;
				INFOPLIST_KEY_UIMainStoryboardFile = Main;
				INFOPLIST_KEY_UISupportedInterfaceOrientations_iPad = "UIInterfaceOrientationPortrait UIInterfaceOrientationPortraitUpsideDown UIInterfaceOrientationLandscapeLeft UIInterfaceOrientationLandscapeRight";
				INFOPLIST_KEY_UISupportedInterfaceOrientations_iPhone = "UIInterfaceOrientationPortrait UIInterfaceOrientationLandscapeLeft UIInterfaceOrientationLandscapeRight";
				IPHONEOS_DEPLOYMENT_TARGET = 15.3;
				LD_RUNPATH_SEARCH_PATHS = (
					"$(inherited)",
					"@executable_path/Frameworks",
				);
				MARKETING_VERSION = 1.0;
				PRODUCT_BUNDLE_IDENTIFIER = "hafsah.Speech-to-Text---IOS";
				PRODUCT_NAME = "$(TARGET_NAME)";
				SWIFT_EMIT_LOC_STRINGS = YES;
				SWIFT_VERSION = 5.0;
				TARGETED_DEVICE_FAMILY = "1,2";
			};
			name = Debug;
		};
		1A766AC32AB980EC006C57AE /* Release */ = {
			isa = XCBuildConfiguration;
			buildSettings = {
				ASSETCATALOG_COMPILER_APPICON_NAME = AppIcon;
				ASSETCATALOG_COMPILER_GLOBAL_ACCENT_COLOR_NAME = AccentColor;
				CODE_SIGN_STYLE = Automatic;
				CURRENT_PROJECT_VERSION = 1;
				DEVELOPMENT_TEAM = FZ6QC7T222;
				GENERATE_INFOPLIST_FILE = YES;
				INFOPLIST_FILE = "Speech to Text - IOS/Info.plist";
				INFOPLIST_KEY_UIApplicationSupportsIndirectInputEvents = YES;
				INFOPLIST_KEY_UILaunchStoryboardName = LaunchScreen;
				INFOPLIST_KEY_UIMainStoryboardFile = Main;
				INFOPLIST_KEY_UISupportedInterfaceOrientations_iPad = "UIInterfaceOrientationPortrait UIInterfaceOrientationPortraitUpsideDown UIInterfaceOrientationLandscapeLeft UIInterfaceOrientationLandscapeRight";
				INFOPLIST_KEY_UISupportedInterfaceOrientations_iPhone = "UIInterfaceOrientationPortrait UIInterfaceOrientationLandscapeLeft UIInterfaceOrientationLandscapeRight";
				IPHONEOS_DEPLOYMENT_TARGET = 15.3;
				LD_RUNPATH_SEARCH_PATHS = (
					"$(inherited)",
					"@executable_path/Frameworks",
				);
				MARKETING_VERSION = 1.0;
				PRODUCT_BUNDLE_IDENTIFIER = "hafsah.Speech-to-Text---IOS";
				PRODUCT_NAME = "$(TARGET_NAME)";
				SWIFT_EMIT_LOC_STRINGS = YES;
				SWIFT_VERSION = 5.0;
				TARGETED_DEVICE_FAMILY = "1,2";
			};
			name = Release;
		};
		1A766AC52AB980EC006C57AE /* Debug */ = {
			isa = XCBuildConfiguration;
			buildSettings = {
				ALWAYS_EMBED_SWIFT_STANDARD_LIBRARIES = YES;
				BUNDLE_LOADER = "$(TEST_HOST)";
				CODE_SIGN_STYLE = Automatic;
				CURRENT_PROJECT_VERSION = 1;
				DEVELOPMENT_TEAM = FZ6QC7T222;
				GENERATE_INFOPLIST_FILE = YES;
				IPHONEOS_DEPLOYMENT_TARGET = 16.4;
				MARKETING_VERSION = 1.0;
				PRODUCT_BUNDLE_IDENTIFIER = "hafsah.Speech-to-Text---IOSTests";
				PRODUCT_NAME = "$(TARGET_NAME)";
				SWIFT_EMIT_LOC_STRINGS = NO;
				SWIFT_VERSION = 5.0;
				TARGETED_DEVICE_FAMILY = "1,2";
				TEST_HOST = "$(BUILT_PRODUCTS_DIR)/Speech to Text - IOS.app/$(BUNDLE_EXECUTABLE_FOLDER_PATH)/Speech to Text - IOS";
			};
			name = Debug;
		};
		1A766AC62AB980EC006C57AE /* Release */ = {
			isa = XCBuildConfiguration;
			buildSettings = {
				ALWAYS_EMBED_SWIFT_STANDARD_LIBRARIES = YES;
				BUNDLE_LOADER = "$(TEST_HOST)";
				CODE_SIGN_STYLE = Automatic;
				CURRENT_PROJECT_VERSION = 1;
				DEVELOPMENT_TEAM = FZ6QC7T222;
				GENERATE_INFOPLIST_FILE = YES;
				IPHONEOS_DEPLOYMENT_TARGET = 16.4;
				MARKETING_VERSION = 1.0;
				PRODUCT_BUNDLE_IDENTIFIER = "hafsah.Speech-to-Text---IOSTests";
				PRODUCT_NAME = "$(TARGET_NAME)";
				SWIFT_EMIT_LOC_STRINGS = NO;
				SWIFT_VERSION = 5.0;
				TARGETED_DEVICE_FAMILY = "1,2";
				TEST_HOST = "$(BUILT_PRODUCTS_DIR)/Speech to Text - IOS.app/$(BUNDLE_EXECUTABLE_FOLDER_PATH)/Speech to Text - IOS";
			};
			name = Release;
		};
		1A766AC82AB980EC006C57AE /* Debug */ = {
			isa = XCBuildConfiguration;
			buildSettings = {
				ALWAYS_EMBED_SWIFT_STANDARD_LIBRARIES = YES;
				CODE_SIGN_STYLE = Automatic;
				CURRENT_PROJECT_VERSION = 1;
				DEVELOPMENT_TEAM = FZ6QC7T222;
				GENERATE_INFOPLIST_FILE = YES;
				MARKETING_VERSION = 1.0;
				PRODUCT_BUNDLE_IDENTIFIER = "hafsah.Speech-to-Text---IOSUITests";
				PRODUCT_NAME = "$(TARGET_NAME)";
				SWIFT_EMIT_LOC_STRINGS = NO;
				SWIFT_VERSION = 5.0;
				TARGETED_DEVICE_FAMILY = "1,2";
				TEST_TARGET_NAME = "Speech to Text - IOS";
			};
			name = Debug;
		};
		1A766AC92AB980EC006C57AE /* Release */ = {
			isa = XCBuildConfiguration;
			buildSettings = {
				ALWAYS_EMBED_SWIFT_STANDARD_LIBRARIES = YES;
				CODE_SIGN_STYLE = Automatic;
				CURRENT_PROJECT_VERSION = 1;
				DEVELOPMENT_TEAM = FZ6QC7T222;
				GENERATE_INFOPLIST_FILE = YES;
				MARKETING_VERSION = 1.0;
				PRODUCT_BUNDLE_IDENTIFIER = "hafsah.Speech-to-Text---IOSUITests";
				PRODUCT_NAME = "$(TARGET_NAME)";
				SWIFT_EMIT_LOC_STRINGS = NO;
				SWIFT_VERSION = 5.0;
				TARGETED_DEVICE_FAMILY = "1,2";
				TEST_TARGET_NAME = "Speech to Text - IOS";
			};
			name = Release;
		};
/* End XCBuildConfiguration section */

/* Begin XCConfigurationList section */
		1A766A922AB980EB006C57AE /* Build configuration list for PBXProject "Speech to Text - IOS" */ = {
			isa = XCConfigurationList;
			buildConfigurations = (
				1A766ABF2AB980EC006C57AE /* Debug */,
				1A766AC02AB980EC006C57AE /* Release */,
			);
			defaultConfigurationIsVisible = 0;
			defaultConfigurationName = Release;
		};
		1A766AC12AB980EC006C57AE /* Build configuration list for PBXNativeTarget "Speech to Text - IOS" */ = {
			isa = XCConfigurationList;
			buildConfigurations = (
				1A766AC22AB980EC006C57AE /* Debug */,
				1A766AC32AB980EC006C57AE /* Release */,
			);
			defaultConfigurationIsVisible = 0;
			defaultConfigurationName = Release;
		};
		1A766AC42AB980EC006C57AE /* Build configuration list for PBXNativeTarget "Speech to Text - IOSTests" */ = {
			isa = XCConfigurationList;
			buildConfigurations = (
				1A766AC52AB980EC006C57AE /* Debug */,
				1A766AC62AB980EC006C57AE /* Release */,
			);
			defaultConfigurationIsVisible = 0;
			defaultConfigurationName = Release;
		};
		1A766AC72AB980EC006C57AE /* Build configuration list for PBXNativeTarget "Speech to Text - IOSUITests" */ = {
			isa = XCConfigurationList;
			buildConfigurations = (
				1A766AC82AB980EC006C57AE /* Debug */,
				1A766AC92AB980EC006C57AE /* Release */,
			);
			defaultConfigurationIsVisible = 0;
			defaultConfigurationName = Release;
		};
/* End XCConfigurationList section */
	};
	rootObject = 1A766A8F2AB980EB006C57AE /* Project object */;
}
